
Microsoft Visual Studio Solution File, Format Version 12.00
# Visual Studio Version 16
VisualStudioVersion = 16.0.29728.190
MinimumVisualStudioVersion = 10.0.40219.1
Project("{FAE04EC0-301F-11D3-BF4B-00C04F79EFBC}") = "ImpedanceCalculator", "ResistanceCalculator\ImpedanceCalculator.csproj", "{91827C67-1D74-4C3B-9BF7-391E1ADDF422}"
EndProject
Project("{FAE04EC0-301F-11D3-BF4B-00C04F79EFBC}") = "ImpedanceCalculatorUI", "ImpedanceCalculatorUI\ImpedanceCalculatorUI.csproj", "{263ADE6A-D05D-43C4-93DC-EC9EFCCD7D34}"
EndProject
Project("{FAE04EC0-301F-11D3-BF4B-00C04F79EFBC}") = "ImpedanceCalculator.UnitTests", "ImpedanceCalculator.UnitTests\ImpedanceCalculator.UnitTests.csproj", "{0BBEB68F-2BCD-474B-98C5-C727713E047B}"
EndProject
Global
	GlobalSection(SolutionConfigurationPlatforms) = preSolution
		Debug|Any CPU = Debug|Any CPU
		Release|Any CPU = Release|Any CPU
	EndGlobalSection
	GlobalSection(ProjectConfigurationPlatforms) = postSolution
		{91827C67-1D74-4C3B-9BF7-391E1ADDF422}.Debug|Any CPU.ActiveCfg = Debug|Any CPU
		{91827C67-1D74-4C3B-9BF7-391E1ADDF422}.Debug|Any CPU.Build.0 = Debug|Any CPU
		{91827C67-1D74-4C3B-9BF7-391E1ADDF422}.Release|Any CPU.ActiveCfg = Release|Any CPU
		{91827C67-1D74-4C3B-9BF7-391E1ADDF422}.Release|Any CPU.Build.0 = Release|Any CPU
		{263ADE6A-D05D-43C4-93DC-EC9EFCCD7D34}.Debug|Any CPU.ActiveCfg = Debug|Any CPU
		{263ADE6A-D05D-43C4-93DC-EC9EFCCD7D34}.Debug|Any CPU.Build.0 = Debug|Any CPU
		{263ADE6A-D05D-43C4-93DC-EC9EFCCD7D34}.Release|Any CPU.ActiveCfg = Release|Any CPU
		{263ADE6A-D05D-43C4-93DC-EC9EFCCD7D34}.Release|Any CPU.Build.0 = Release|Any CPU
		{0BBEB68F-2BCD-474B-98C5-C727713E047B}.Debug|Any CPU.ActiveCfg = Debug|Any CPU
		{0BBEB68F-2BCD-474B-98C5-C727713E047B}.Debug|Any CPU.Build.0 = Debug|Any CPU
		{0BBEB68F-2BCD-474B-98C5-C727713E047B}.Release|Any CPU.ActiveCfg = Release|Any CPU
		{0BBEB68F-2BCD-474B-98C5-C727713E047B}.Release|Any CPU.Build.0 = Release|Any CPU
	EndGlobalSection
	GlobalSection(SolutionProperties) = preSolution
		HideSolutionNode = FALSE
	EndGlobalSection
	GlobalSection(ExtensibilityGlobals) = postSolution
		SolutionGuid = {D6F716C6-0CFD-4CED-BF0D-3251A11C5005}
	EndGlobalSection
EndGlobal
